// !$*UTF8*$!
{
	archiveVersion = 1;
	classes = {
	};
	objectVersion = 77;
	objects = {

/* Begin PBXBuildFile section */
		070DB371246CCAA04991F495 /* FlyStateSnapshot.swift in Sources */ = {isa = PBXBuildFile; fileRef = B2F6D1A8365E80FBDD791E39 /* FlyStateSnapshot.swift */; };
		10F0A2B3C4D5E6F708192A3B /* FlySimulation.swift in Sources */ = {isa = PBXBuildFile; fileRef = 20F0A2B3C4D5E6F708192A3B /* FlySimulation.swift */; };
		A14C0DE00000000000000001 /* EmbodiedNeuralController.swift in Sources */ = {isa = PBXBuildFile; fileRef = A14C0DE10000000000000001 /* EmbodiedNeuralController.swift */; };
		16ADF9993808793C63B7372E /* FlySnapshotStore.swift in Sources */ = {isa = PBXBuildFile; fileRef = 40E4A80D3D3D232D424325D5 /* FlySnapshotStore.swift */; };
		1A730680F35BC43DE3C3364F /* CyberFlyCore.framework in Embed Frameworks */ = {isa = PBXBuildFile; fileRef = 6869618B2897346A3AB60D26 /* CyberFlyCore.framework */; settings = {ATTRIBUTES = (CodeSignOnCopy, RemoveHeadersOnCopy, ); }; };
		1BF94E136A807E6684341548 /* CyberFlyCore.framework in Frameworks */ = {isa = PBXBuildFile; fileRef = 6869618B2897346A3AB60D26 /* CyberFlyCore.framework */; };
		2D8EBF2C5155AFA2D0622947 /* WidgetRefreshPolicy.swift in Sources */ = {isa = PBXBuildFile; fileRef = 2A4004E11BC92A04FF18BBFF /* WidgetRefreshPolicy.swift */; };
		2FC4F87B6A2E89E20ED769E1 /* CyberFlySimulation.framework in Embed Frameworks */ = {isa = PBXBuildFile; fileRef = 815AC67619C652CA04DF39C6 /* CyberFlySimulation.framework */; settings = {ATTRIBUTES = (CodeSignOnCopy, RemoveHeadersOnCopy, ); }; };
		48F2558BD178096F0DD825C9 /* SimulationConfiguration.swift in Sources */ = {isa = PBXBuildFile; fileRef = 2C74BFE495873B7B085E09F8 /* SimulationConfiguration.swift */; };
		4DBB1B07B795DDAEED280F65 /* CyberFlyCore.framework in Embed Frameworks */ = {isa = PBXBuildFile; fileRef = 6869618B2897346A3AB60D26 /* CyberFlyCore.framework */; settings = {ATTRIBUTES = (CodeSignOnCopy, RemoveHeadersOnCopy, ); }; };
		8AAA3C189504B6D889950663 /* CyberFlySimulation.framework in Frameworks */ = {isa = PBXBuildFile; fileRef = 815AC67619C652CA04DF39C6 /* CyberFlySimulation.framework */; };
		A0D664FFC79011550B25F7E4 /* DeterministicRandom.swift in Sources */ = {isa = PBXBuildFile; fileRef = 63EDDE93A113586819E4EBEC /* DeterministicRandom.swift */; };
		C0DEC0DE0000000000000001 /* MaleCNSVisualCircuit.swift in Sources */ = {isa = PBXBuildFile; fileRef = C0DEC0DE1000000000000001 /* MaleCNSVisualCircuit.swift */; };
		C0DEC0DE0000000000000002 /* MaleCNSVisualCircuitData.swift in Sources */ = {isa = PBXBuildFile; fileRef = C0DEC0DE1000000000000002 /* MaleCNSVisualCircuitData.swift */; };
		C0DEC0DE0000000000000003 /* FoodResource.swift in Sources */ = {isa = PBXBuildFile; fileRef = C0DEC0DE1000000000000003 /* FoodResource.swift */; };
		C0DEC0DE0000000000000004 /* MaleCNSLearningCircuit.swift in Sources */ = {isa = PBXBuildFile; fileRef = C0DEC0DE1000000000000004 /* MaleCNSLearningCircuit.swift */; };
		C0DEC0DE0000000000000005 /* MaleCNSLearningCircuitData.swift in Sources */ = {isa = PBXBuildFile; fileRef = C0DEC0DE1000000000000005 /* MaleCNSLearningCircuitData.swift */; };
		C0DEC0DE0000000000000006 /* FullCNSGraph.swift in Sources */ = {isa = PBXBuildFile; fileRef = C0DEC0DE1000000000000006 /* FullCNSGraph.swift */; };
		C0DEC0DE0000000000000007 /* FullCNSRuntime.swift in Sources */ = {isa = PBXBuildFile; fileRef = C0DEC0DE1000000000000007 /* FullCNSRuntime.swift */; };
		C0DEC0DE0000000000000008 /* FullCNSStateStore.swift in Sources */ = {isa = PBXBuildFile; fileRef = C0DEC0DE1000000000000008 /* FullCNSStateStore.swift */; };
		C0DEC0DE0000000000000009 /* FullCNS in Resources */ = {isa = PBXBuildFile; fileRef = C0DEC0DE1000000000000009 /* FullCNS */; };
		C0DEC0DE0000000000000010 /* FullCNSExperiment.swift in Sources */ = {isa = PBXBuildFile; fileRef = C0DEC0DE1000000000000010 /* FullCNSExperiment.swift */; };
		C0DEC0DE0000000000000011 /* NeuralLab.swift in Sources */ = {isa = PBXBuildFile; fileRef = C0DEC0DE1000000000000011 /* NeuralLab.swift */; };
		C0DEC0DE0000000000000012 /* Assets.xcassets in Resources */ = {isa = PBXBuildFile; fileRef = C0DEC0DE1000000000000012 /* Assets.xcassets */; };
		C0DEC0DE0000000000000014 /* FunctionalSelfState.swift in Sources */ = {isa = PBXBuildFile; fileRef = C0DEC0DE1000000000000014 /* FunctionalSelfState.swift */; };
		C0DEC0DE0000000000000015 /* FunctionalSelfModel.swift in Sources */ = {isa = PBXBuildFile; fileRef = C0DEC0DE1000000000000015 /* FunctionalSelfModel.swift */; };
		B781E8ADDA00B66C4BA239AC /* CyberFlyCore.framework in Frameworks */ = {isa = PBXBuildFile; fileRef = 6869618B2897346A3AB60D26 /* CyberFlyCore.framework */; };
		B810DAECA9414C0ACB8F670A /* CyberFlyCore.framework in Frameworks */ = {isa = PBXBuildFile; fileRef = 6869618B2897346A3AB60D26 /* CyberFlyCore.framework */; };
		BC4EEFDEFE602D0791FA7BA5 /* CyberFlySimulation.framework in Frameworks */ = {isa = PBXBuildFile; fileRef = 815AC67619C652CA04DF39C6 /* CyberFlySimulation.framework */; };
		D003CC2FB74D9215D748D5FB /* CyberFlyCore.framework in Frameworks */ = {isa = PBXBuildFile; fileRef = 6869618B2897346A3AB60D26 /* CyberFlyCore.framework */; };
		D0A7A475FB7B806D17BE1C4D /* FlyStimulus.swift in Sources */ = {isa = PBXBuildFile; fileRef = 50A973F30302E555AF586983 /* FlyStimulus.swift */; };
		D1FA91E6FB68E451E3E2881A /* CyberFlySimulation.framework in Embed Frameworks */ = {isa = PBXBuildFile; fileRef = 815AC67619C652CA04DF39C6 /* CyberFlySimulation.framework */; settings = {ATTRIBUTES = (CodeSignOnCopy, RemoveHeadersOnCopy, ); }; };
		D4A2AF2449970CC5F584B696 /* StatusViews.swift in Sources */ = {isa = PBXBuildFile; fileRef = EC2F98B709D3A601634EAB32 /* StatusViews.swift */; };
		D747DD3362B824AB3C552733 /* FlyPanelController.swift in Sources */ = {isa = PBXBuildFile; fileRef = A6B9D0742ADEBDF078DA2636 /* FlyPanelController.swift */; };
		DEF0B0D07707047676FD7050 /* CyberFlyCoreTests.swift in Sources */ = {isa = PBXBuildFile; fileRef = 2C23D712E87A1B4634BB13E1 /* CyberFlyCoreTests.swift */; };
		F07D5D7337AFD8077A460E75 /* CyberFlyWidget.appex in Embed Foundation Extensions */ = {isa = PBXBuildFile; fileRef = 946EF1F45EE7CDBE71D2F4AB /* CyberFlyWidget.appex */; settings = {ATTRIBUTES = (RemoveHeadersOnCopy, ); }; };
		F92A197650A8CD76A2616021 /* CyberFlyWidget.swift in Sources */ = {isa = PBXBuildFile; fileRef = 790D793B2B8AA9D82E7D0D58 /* CyberFlyWidget.swift */; };
		FC6AA8ED8CDD6771F56DB601 /* CyberFlyApp.swift in Sources */ = {isa = PBXBuildFile; fileRef = 884BF1B0A0C4616E78AFE7B8 /* CyberFlyApp.swift */; };
		FE3B65EFDACDB13BDE6AF10D /* RuntimeController.swift in Sources */ = {isa = PBXBuildFile; fileRef = B0F561F782BFC07173028A96 /* RuntimeController.swift */; };
/* End PBXBuildFile section */

/* Begin PBXContainerItemProxy section */
		0D13C8899B89B71FED8CF96E /* PBXContainerItemProxy */ = {
			isa = PBXContainerItemProxy;
			containerPortal = B38BE37301588195707B7CBC /* Project object */;
			proxyType = 1;
			remoteGlobalIDString = EE53A818CDBF895D2132CBB4;
			remoteInfo = CyberFlySimulation;
		};
		14BF30CEF0645915BF6CF79A /* PBXContainerItemProxy */ = {
			isa = PBXContainerItemProxy;
			containerPortal = B38BE37301588195707B7CBC /* Project object */;
			proxyType = 1;
			remoteGlobalIDString = E001A27FCBC9A09291B94E30;
			remoteInfo = CyberFlyCore;
		};
		201CC19437BE7A59672C5B50 /* PBXContainerItemProxy */ = {
			isa = PBXContainerItemProxy;
			containerPortal = B38BE37301588195707B7CBC /* Project object */;
			proxyType = 1;
			remoteGlobalIDString = A599FA1A2403980C530DD53E;
			remoteInfo = CyberFlyWidget;
		};
		5CD8BA5383E5ECCF48699D73 /* PBXContainerItemProxy */ = {
			isa = PBXContainerItemProxy;
			containerPortal = B38BE37301588195707B7CBC /* Project object */;
			proxyType = 1;
			remoteGlobalIDString = E001A27FCBC9A09291B94E30;
			remoteInfo = CyberFlyCore;
		};
		805DC547C4AA258E70FE078C /* PBXContainerItemProxy */ = {
			isa = PBXContainerItemProxy;
			containerPortal = B38BE37301588195707B7CBC /* Project object */;
			proxyType = 1;
			remoteGlobalIDString = E001A27FCBC9A09291B94E30;
			remoteInfo = CyberFlyCore;
		};
		8B6386D82D48DDE5987DE5F0 /* PBXContainerItemProxy */ = {
			isa = PBXContainerItemProxy;
			containerPortal = B38BE37301588195707B7CBC /* Project object */;
			proxyType = 1;
			remoteGlobalIDString = EE53A818CDBF895D2132CBB4;
			remoteInfo = CyberFlySimulation;
		};
		D56DD044EDE42F6B6AEB5D4A /* PBXContainerItemProxy */ = {
			isa = PBXContainerItemProxy;
			containerPortal = B38BE37301588195707B7CBC /* Project object */;
			proxyType = 1;
			remoteGlobalIDString = E001A27FCBC9A09291B94E30;
			remoteInfo = CyberFlyCore;
		};
/* End PBXContainerItemProxy section */

/* Begin PBXCopyFilesBuildPhase section */
		1AFDE302C8292701AF2825BA /* Embed Frameworks */ = {
			isa = PBXCopyFilesBuildPhase;
			buildActionMask = 2147483647;
			dstPath = "";
			dstSubfolderSpec = 10;
			files = (
				4DBB1B07B795DDAEED280F65 /* CyberFlyCore.framework in Embed Frameworks */,
				D1FA91E6FB68E451E3E2881A /* CyberFlySimulation.framework in Embed Frameworks */,
			);
			name = "Embed Frameworks";
			runOnlyForDeploymentPostprocessing = 0;
		};
		E195C8C535959963C133BBB5 /* Embed Frameworks */ = {
			isa = PBXCopyFilesBuildPhase;
			buildActionMask = 2147483647;
			dstPath = "";
			dstSubfolderSpec = 10;
			files = (
				1A730680F35BC43DE3C3364F /* CyberFlyCore.framework in Embed Frameworks */,
				2FC4F87B6A2E89E20ED769E1 /* CyberFlySimulation.framework in Embed Frameworks */,
			);
			name = "Embed Frameworks";
			runOnlyForDeploymentPostprocessing = 0;
		};
		E41A10234B195E2F238FE049 /* Embed Foundation Extensions */ = {
			isa = PBXCopyFilesBuildPhase;
			buildActionMask = 2147483647;
			dstPath = "";
			dstSubfolderSpec = 13;
			files = (
				F07D5D7337AFD8077A460E75 /* CyberFlyWidget.appex in Embed Foundation Extensions */,
			);
			name = "Embed Foundation Extensions";
			runOnlyForDeploymentPostprocessing = 0;
		};
/* End PBXCopyFilesBuildPhase section */

/* Begin PBXFileReference section */
		0A6E3A9F28BCC97FDAEAA476 /* CyberFlyCoreTests.xctest */ = {isa = PBXFileReference; explicitFileType = wrapper.cfbundle; includeInIndex = 0; path = CyberFlyCoreTests.xctest; sourceTree = BUILT_PRODUCTS_DIR; };
		20F0A2B3C4D5E6F708192A3B /* FlySimulation.swift */ = {isa = PBXFileReference; lastKnownFileType = sourcecode.swift; path = FlySimulation.swift; sourceTree = "<group>"; };
		A14C0DE10000000000000001 /* EmbodiedNeuralController.swift */ = {isa = PBXFileReference; lastKnownFileType = sourcecode.swift; path = EmbodiedNeuralController.swift; sourceTree = "<group>"; };
		2A4004E11BC92A04FF18BBFF /* WidgetRefreshPolicy.swift */ = {isa = PBXFileReference; lastKnownFileType = sourcecode.swift; path = WidgetRefreshPolicy.swift; sourceTree = "<group>"; };
		2C23D712E87A1B4634BB13E1 /* CyberFlyCoreTests.swift */ = {isa = PBXFileReference; lastKnownFileType = sourcecode.swift; path = CyberFlyCoreTests.swift; sourceTree = "<group>"; };
		2C74BFE495873B7B085E09F8 /* SimulationConfiguration.swift */ = {isa = PBXFileReference; lastKnownFileType = sourcecode.swift; path = SimulationConfiguration.swift; sourceTree = "<group>"; };
		40E4A80D3D3D232D424325D5 /* FlySnapshotStore.swift */ = {isa = PBXFileReference; lastKnownFileType = sourcecode.swift; path = FlySnapshotStore.swift; sourceTree = "<group>"; };
		50A973F30302E555AF586983 /* FlyStimulus.swift */ = {isa = PBXFileReference; lastKnownFileType = sourcecode.swift; path = FlyStimulus.swift; sourceTree = "<group>"; };
		63EDDE93A113586819E4EBEC /* DeterministicRandom.swift */ = {isa = PBXFileReference; lastKnownFileType = sourcecode.swift; path = DeterministicRandom.swift; sourceTree = "<group>"; };
		6869618B2897346A3AB60D26 /* CyberFlyCore.framework */ = {isa = PBXFileReference; explicitFileType = wrapper.framework; includeInIndex = 0; path = CyberFlyCore.framework; sourceTree = BUILT_PRODUCTS_DIR; };
		790D793B2B8AA9D82E7D0D58 /* CyberFlyWidget.swift */ = {isa = PBXFileReference; lastKnownFileType = sourcecode.swift; path = CyberFlyWidget.swift; sourceTree = "<group>"; };
		815AC67619C652CA04DF39C6 /* CyberFlySimulation.framework */ = {isa = PBXFileReference; explicitFileType = wrapper.framework; includeInIndex = 0; path = CyberFlySimulation.framework; sourceTree = BUILT_PRODUCTS_DIR; };
		884BF1B0A0C4616E78AFE7B8 /* CyberFlyApp.swift */ = {isa = PBXFileReference; lastKnownFileType = sourcecode.swift; path = CyberFlyApp.swift; sourceTree = "<group>"; };
		946EF1F45EE7CDBE71D2F4AB /* CyberFlyWidget.appex */ = {isa = PBXFileReference; explicitFileType = "wrapper.app-extension"; includeInIndex = 0; path = CyberFlyWidget.appex; sourceTree = BUILT_PRODUCTS_DIR; };
		95AC119760155A90F99F5B1E /* CyberFly.app */ = {isa = PBXFileReference; explicitFileType = wrapper.application; includeInIndex = 0; path = CyberFly.app; sourceTree = BUILT_PRODUCTS_DIR; };
		A6B9D0742ADEBDF078DA2636 /* FlyPanelController.swift */ = {isa = PBXFileReference; lastKnownFileType = sourcecode.swift; path = FlyPanelController.swift; sourceTree = "<group>"; };
		B0F561F782BFC07173028A96 /* RuntimeController.swift */ = {isa = PBXFileReference; lastKnownFileType = sourcecode.swift; path = RuntimeController.swift; sourceTree = "<group>"; };
		B2F6D1A8365E80FBDD791E39 /* FlyStateSnapshot.swift */ = {isa = PBXFileReference; lastKnownFileType = sourcecode.swift; path = FlyStateSnapshot.swift; sourceTree = "<group>"; };
		C0DEC0DE1000000000000001 /* MaleCNSVisualCircuit.swift */ = {isa = PBXFileReference; lastKnownFileType = sourcecode.swift; path = MaleCNSVisualCircuit.swift; sourceTree = "<group>"; };
		C0DEC0DE1000000000000002 /* MaleCNSVisualCircuitData.swift */ = {isa = PBXFileReference; lastKnownFileType = sourcecode.swift; path = MaleCNSVisualCircuitData.swift; sourceTree = "<group>"; };
		C0DEC0DE1000000000000003 /* FoodResource.swift */ = {isa = PBXFileReference; lastKnownFileType = sourcecode.swift; path = FoodResource.swift; sourceTree = "<group>"; };
		C0DEC0DE1000000000000004 /* MaleCNSLearningCircuit.swift */ = {isa = PBXFileReference; lastKnownFileType = sourcecode.swift; path = MaleCNSLearningCircuit.swift; sourceTree = "<group>"; };
		C0DEC0DE1000000000000005 /* MaleCNSLearningCircuitData.swift */ = {isa = PBXFileReference; lastKnownFileType = sourcecode.swift; path = MaleCNSLearningCircuitData.swift; sourceTree = "<group>"; };
		C0DEC0DE1000000000000006 /* FullCNSGraph.swift */ = {isa = PBXFileReference; lastKnownFileType = sourcecode.swift; path = FullCNSGraph.swift; sourceTree = "<group>"; };
		C0DEC0DE1000000000000007 /* FullCNSRuntime.swift */ = {isa = PBXFileReference; lastKnownFileType = sourcecode.swift; path = FullCNSRuntime.swift; sourceTree = "<group>"; };
		C0DEC0DE1000000000000008 /* FullCNSStateStore.swift */ = {isa = PBXFileReference; lastKnownFileType = sourcecode.swift; path = FullCNSStateStore.swift; sourceTree = "<group>"; };
		C0DEC0DE1000000000000009 /* FullCNS */ = {isa = PBXFileReference; lastKnownFileType = folder; path = FullCNS; sourceTree = "<group>"; };
		C0DEC0DE1000000000000010 /* FullCNSExperiment.swift */ = {isa = PBXFileReference; lastKnownFileType = sourcecode.swift; path = FullCNSExperiment.swift; sourceTree = "<group>"; };
		C0DEC0DE1000000000000011 /* NeuralLab.swift */ = {isa = PBXFileReference; lastKnownFileType = sourcecode.swift; path = NeuralLab.swift; sourceTree = "<group>"; };
		C0DEC0DE1000000000000012 /* Assets.xcassets */ = {isa = PBXFileReference; lastKnownFileType = folder.assetcatalog; path = Assets.xcassets; sourceTree = "<group>"; };
		C0DEC0DE1000000000000013 /* CyberFlyIconMaster.png */ = {isa = PBXFileReference; lastKnownFileType = image.png; path = CyberFlyIconMaster.png; sourceTree = "<group>"; };
		C0DEC0DE1000000000000014 /* FunctionalSelfState.swift */ = {isa = PBXFileReference; lastKnownFileType = sourcecode.swift; path = FunctionalSelfState.swift; sourceTree = "<group>"; };
		C0DEC0DE1000000000000015 /* FunctionalSelfModel.swift */ = {isa = PBXFileReference; lastKnownFileType = sourcecode.swift; path = FunctionalSelfModel.swift; sourceTree = "<group>"; };
		EC2F98B709D3A601634EAB32 /* StatusViews.swift */ = {isa = PBXFileReference; lastKnownFileType = sourcecode.swift; path = StatusViews.swift; sourceTree = "<group>"; };
/* End PBXFileReference section */

/* Begin PBXFrameworksBuildPhase section */
		0B0C5D2634BD2F11E38B7EEB /* Frameworks */ = {
			isa = PBXFrameworksBuildPhase;
			buildActionMask = 2147483647;
			files = (
				1BF94E136A807E6684341548 /* CyberFlyCore.framework in Frameworks */,
				BC4EEFDEFE602D0791FA7BA5 /* CyberFlySimulation.framework in Frameworks */,
			);
			runOnlyForDeploymentPostprocessing = 0;
		};
		743399AB5784559A4BA22B26 /* Frameworks */ = {
			isa = PBXFrameworksBuildPhase;
			buildActionMask = 2147483647;
			files = (
				B781E8ADDA00B66C4BA239AC /* CyberFlyCore.framework in Frameworks */,
			);
			runOnlyForDeploymentPostprocessing = 0;
		};
		A28A448ECEA3DD6BCDF7BED2 /* Frameworks */ = {
			isa = PBXFrameworksBuildPhase;
			buildActionMask = 2147483647;
			files = (
				B810DAECA9414C0ACB8F670A /* CyberFlyCore.framework in Frameworks */,
				8AAA3C189504B6D889950663 /* CyberFlySimulation.framework in Frameworks */,
			);
			runOnlyForDeploymentPostprocessing = 0;
		};
		D2419536570C6E37FE41D931 /* Frameworks */ = {
			isa = PBXFrameworksBuildPhase;
			buildActionMask = 2147483647;
			files = (
				D003CC2FB74D9215D748D5FB /* CyberFlyCore.framework in Frameworks */,
			);
			runOnlyForDeploymentPostprocessing = 0;
		};
/* End PBXFrameworksBuildPhase section */

/* Begin PBXGroup section */
		3B1846A34658C71DABDBA0BA /* CyberFlyCoreTests */ = {
			isa = PBXGroup;
			children = (
				2C23D712E87A1B4634BB13E1 /* CyberFlyCoreTests.swift */,
			);
			path = CyberFlyCoreTests;
			sourceTree = "<group>";
		};
		72D73A71C97220DCB7DE9F82 /* Sources */ = {
			isa = PBXGroup;
			children = (
				D8BBA2869D5E255FA65C22D0 /* CyberFlyApp */,
				74C66C5CB2BE34F245FDC44E /* CyberFlyCore */,
				7C775708E2729B699826A48A /* CyberFlySimulation */,
			);
			path = Sources;
			sourceTree = "<group>";
		};
		74C66C5CB2BE34F245FDC44E /* CyberFlyCore */ = {
			isa = PBXGroup;
			children = (
				B2F6D1A8365E80FBDD791E39 /* FlyStateSnapshot.swift */,
				40E4A80D3D3D232D424325D5 /* FlySnapshotStore.swift */,
				C0DEC0DE1000000000000014 /* FunctionalSelfState.swift */,
			);
			path = CyberFlyCore;
			sourceTree = "<group>";
		};
		7C775708E2729B699826A48A /* CyberFlySimulation */ = {
			isa = PBXGroup;
			children = (
				63EDDE93A113586819E4EBEC /* DeterministicRandom.swift */,
				A14C0DE10000000000000001 /* EmbodiedNeuralController.swift */,
				C0DEC0DE1000000000000015 /* FunctionalSelfModel.swift */,
				C0DEC0DE1000000000000003 /* FoodResource.swift */,
				50A973F30302E555AF586983 /* FlyStimulus.swift */,
				20F0A2B3C4D5E6F708192A3B /* FlySimulation.swift */,
				C0DEC0DE1000000000000006 /* FullCNSGraph.swift */,
				C0DEC0DE1000000000000007 /* FullCNSRuntime.swift */,
				C0DEC0DE1000000000000008 /* FullCNSStateStore.swift */,
				C0DEC0DE1000000000000010 /* FullCNSExperiment.swift */,
				C0DEC0DE1000000000000004 /* MaleCNSLearningCircuit.swift */,
				C0DEC0DE1000000000000001 /* MaleCNSVisualCircuit.swift */,
				2C74BFE495873B7B085E09F8 /* SimulationConfiguration.swift */,
				C0DEC0DE2000000000000001 /* Generated */,
				C0DEC0DE2000000000000002 /* Resources */,
			);
			path = CyberFlySimulation;
			sourceTree = "<group>";
		};
		C0DEC0DE2000000000000001 /* Generated */ = {
			isa = PBXGroup;
			children = (
				C0DEC0DE1000000000000005 /* MaleCNSLearningCircuitData.swift */,
				C0DEC0DE1000000000000002 /* MaleCNSVisualCircuitData.swift */,
			);
			path = Generated;
			sourceTree = "<group>";
		};
		C0DEC0DE2000000000000002 /* Resources */ = {
			isa = PBXGroup;
			children = (
				C0DEC0DE1000000000000009 /* FullCNS */,
			);
			path = Resources;
			sourceTree = "<group>";
		};
		818C0D10E47D92C62E20625D /* Products */ = {
			isa = PBXGroup;
			children = (
				95AC119760155A90F99F5B1E /* CyberFly.app */,
				6869618B2897346A3AB60D26 /* CyberFlyCore.framework */,
				0A6E3A9F28BCC97FDAEAA476 /* CyberFlyCoreTests.xctest */,
				815AC67619C652CA04DF39C6 /* CyberFlySimulation.framework */,
				946EF1F45EE7CDBE71D2F4AB /* CyberFlyWidget.appex */,
			);
			name = Products;
			sourceTree = "<group>";
		};
		96627DE341B3B8EBDBF8ACCC /* Tests */ = {
			isa = PBXGroup;
			children = (
				3B1846A34658C71DABDBA0BA /* CyberFlyCoreTests */,
			);
			path = Tests;
			sourceTree = "<group>";
		};
		9EC4F89630B127F137C469E4 /* WidgetExtension */ = {
			isa = PBXGroup;
			children = (
				790D793B2B8AA9D82E7D0D58 /* CyberFlyWidget.swift */,
			);
			path = WidgetExtension;
			sourceTree = "<group>";
		};
		D8BBA2869D5E255FA65C22D0 /* CyberFlyApp */ = {
			isa = PBXGroup;
			children = (
				EC2F98B709D3A601634EAB32 /* StatusViews.swift */,
				884BF1B0A0C4616E78AFE7B8 /* CyberFlyApp.swift */,
				A6B9D0742ADEBDF078DA2636 /* FlyPanelController.swift */,
				B0F561F782BFC07173028A96 /* RuntimeController.swift */,
				C0DEC0DE1000000000000011 /* NeuralLab.swift */,
				2A4004E11BC92A04FF18BBFF /* WidgetRefreshPolicy.swift */,
			);
			path = CyberFlyApp;
			sourceTree = "<group>";
		};
		C0DEC0DE2000000000000003 /* Resources */ = {
			isa = PBXGroup;
			children = (
				C0DEC0DE1000000000000012 /* Assets.xcassets */,
				C0DEC0DE1000000000000013 /* CyberFlyIconMaster.png */,
			);
			path = Resources;
			sourceTree = "<group>";
		};
		F85EB746FCE29E8A39E0A655 = {
			isa = PBXGroup;
			children = (
				72D73A71C97220DCB7DE9F82 /* Sources */,
				C0DEC0DE2000000000000003 /* Resources */,
				96627DE341B3B8EBDBF8ACCC /* Tests */,
				9EC4F89630B127F137C469E4 /* WidgetExtension */,
				818C0D10E47D92C62E20625D /* Products */,
			);
			sourceTree = "<group>";
		};
/* End PBXGroup section */

/* Begin PBXNativeTarget section */
		6F1DEAB9D27F56EB63314E5F /* CyberFly */ = {
			isa = PBXNativeTarget;
			buildConfigurationList = 65303E6BA10AE19781382F41 /* Build configuration list for PBXNativeTarget "CyberFly" */;
				buildPhases = (
					A5DBB1A39B89EB6CBFE9A5DA /* Sources */,
					C0DEC0DE3000000000000002 /* Resources */,
					A28A448ECEA3DD6BCDF7BED2 /* Frameworks */,
				E41A10234B195E2F238FE049 /* Embed Foundation Extensions */,
				E195C8C535959963C133BBB5 /* Embed Frameworks */,
			);
			buildRules = (
			);
			dependencies = (
				9B6E698D334B61FEEBE13C23 /* PBXTargetDependency */,
				7C0B900CC43473C3FA500B59 /* PBXTargetDependency */,
				4AA534ECB05726BDF9C8F048 /* PBXTargetDependency */,
			);
			name = CyberFly;
			packageProductDependencies = (
			);
			productName = CyberFly;
			productReference = 95AC119760155A90F99F5B1E /* CyberFly.app */;
			productType = "com.apple.product-type.application";
		};
		A599FA1A2403980C530DD53E /* CyberFlyWidget */ = {
			isa = PBXNativeTarget;
			buildConfigurationList = 3881660DFC1C8CB994261A7E /* Build configuration list for PBXNativeTarget "CyberFlyWidget" */;
			buildPhases = (
				77F5EE4C622E96FD1D55F32F /* Sources */,
				743399AB5784559A4BA22B26 /* Frameworks */,
			);
			buildRules = (
			);
			dependencies = (
				AB22EDEF848C5B38E3B52484 /* PBXTargetDependency */,
			);
			name = CyberFlyWidget;
			packageProductDependencies = (
			);
			productName = CyberFlyWidget;
			productReference = 946EF1F45EE7CDBE71D2F4AB /* CyberFlyWidget.appex */;
			productType = "com.apple.product-type.app-extension";
		};
		E001A27FCBC9A09291B94E30 /* CyberFlyCore */ = {
			isa = PBXNativeTarget;
			buildConfigurationList = C23DFBE38C5FCDFE5090D262 /* Build configuration list for PBXNativeTarget "CyberFlyCore" */;
			buildPhases = (
				5067874BEA0CAC4FD131B272 /* Sources */,
			);
			buildRules = (
			);
			dependencies = (
			);
			name = CyberFlyCore;
			packageProductDependencies = (
			);
			productName = CyberFlyCore;
			productReference = 6869618B2897346A3AB60D26 /* CyberFlyCore.framework */;
			productType = "com.apple.product-type.framework";
		};
		EE53A818CDBF895D2132CBB4 /* CyberFlySimulation */ = {
			isa = PBXNativeTarget;
			buildConfigurationList = 5408988D1784E0D66DE22206 /* Build configuration list for PBXNativeTarget "CyberFlySimulation" */;
				buildPhases = (
					97F30CF79B0EDD3C3B573B3D /* Sources */,
					C0DEC0DE3000000000000001 /* Resources */,
					D2419536570C6E37FE41D931 /* Frameworks */,
			);
			buildRules = (
			);
			dependencies = (
				DC9DCED073C7F9B4548E0CD0 /* PBXTargetDependency */,
			);
			name = CyberFlySimulation;
			packageProductDependencies = (
			);
			productName = CyberFlySimulation;
			productReference = 815AC67619C652CA04DF39C6 /* CyberFlySimulation.framework */;
			productType = "com.apple.product-type.framework";
		};
		FFC6F3A101D7349F54FFB5E0 /* CyberFlyCoreTests */ = {
			isa = PBXNativeTarget;
			buildConfigurationList = 7279B586213DAB42E7DD7E08 /* Build configuration list for PBXNativeTarget "CyberFlyCoreTests" */;
			buildPhases = (
				B4238CE4E7BAC65FBFB5F96A /* Sources */,
				0B0C5D2634BD2F11E38B7EEB /* Frameworks */,
				1AFDE302C8292701AF2825BA /* Embed Frameworks */,
			);
			buildRules = (
			);
			dependencies = (
				4BF93566EABA5E7BBEED16D7 /* PBXTargetDependency */,
				665ADE4CCE17BF9F2C19DD23 /* PBXTargetDependency */,
			);
			name = CyberFlyCoreTests;
			packageProductDependencies = (
			);
			productName = CyberFlyCoreTests;
			productReference = 0A6E3A9F28BCC97FDAEAA476 /* CyberFlyCoreTests.xctest */;
			productType = "com.apple.product-type.bundle.unit-test";
		};
/* End PBXNativeTarget section */

/* Begin PBXProject section */
		B38BE37301588195707B7CBC /* Project object */ = {
			isa = PBXProject;
			attributes = {
				BuildIndependentTargetsInParallel = YES;
				LastUpgradeCheck = 1430;
				TargetAttributes = {
					6F1DEAB9D27F56EB63314E5F = {
						DevelopmentTeam = BH6R2JXYJ7;
						ProvisioningStyle = Automatic;
					};
					A599FA1A2403980C530DD53E = {
						DevelopmentTeam = BH6R2JXYJ7;
						ProvisioningStyle = Automatic;
					};
					E001A27FCBC9A09291B94E30 = {
						DevelopmentTeam = BH6R2JXYJ7;
						ProvisioningStyle = Automatic;
					};
					EE53A818CDBF895D2132CBB4 = {
						DevelopmentTeam = BH6R2JXYJ7;
						ProvisioningStyle = Automatic;
					};
					FFC6F3A101D7349F54FFB5E0 = {
						DevelopmentTeam = BH6R2JXYJ7;
						ProvisioningStyle = Automatic;
					};
				};
			};
			buildConfigurationList = 7BEA9B48EA32E07F45206518 /* Build configuration list for PBXProject "CyberFly" */;
			developmentRegion = en;
			hasScannedForEncodings = 0;
			knownRegions = (
				Base,
				en,
			);
			mainGroup = F85EB746FCE29E8A39E0A655;
			minimizedProjectReferenceProxies = 1;
			preferredProjectObjectVersion = 77;
			productRefGroup = 818C0D10E47D92C62E20625D /* Products */;
			projectDirPath = "";
			projectRoot = "";
			targets = (
				6F1DEAB9D27F56EB63314E5F /* CyberFly */,
				E001A27FCBC9A09291B94E30 /* CyberFlyCore */,
				FFC6F3A101D7349F54FFB5E0 /* CyberFlyCoreTests */,
				EE53A818CDBF895D2132CBB4 /* CyberFlySimulation */,
				A599FA1A2403980C530DD53E /* CyberFlyWidget */,
			);
		};
/* End PBXProject section */

/* Begin PBXResourcesBuildPhase section */
		C0DEC0DE3000000000000002 /* Resources */ = {
			isa = PBXResourcesBuildPhase;
			buildActionMask = 2147483647;
			files = (
				C0DEC0DE0000000000000012 /* Assets.xcassets in Resources */,
			);
			runOnlyForDeploymentPostprocessing = 0;
		};
		C0DEC0DE3000000000000001 /* Resources */ = {
			isa = PBXResourcesBuildPhase;
			buildActionMask = 2147483647;
			files = (
				C0DEC0DE0000000000000009 /* FullCNS in Resources */,
			);
			runOnlyForDeploymentPostprocessing = 0;
		};
/* End PBXResourcesBuildPhase section */

/* Begin PBXSourcesBuildPhase section */
		5067874BEA0CAC4FD131B272 /* Sources */ = {
			isa = PBXSourcesBuildPhase;
			buildActionMask = 2147483647;
			files = (
				070DB371246CCAA04991F495 /* FlyStateSnapshot.swift in Sources */,
				16ADF9993808793C63B7372E /* FlySnapshotStore.swift in Sources */,
				C0DEC0DE0000000000000014 /* FunctionalSelfState.swift in Sources */,
			);
			runOnlyForDeploymentPostprocessing = 0;
		};
		77F5EE4C622E96FD1D55F32F /* Sources */ = {
			isa = PBXSourcesBuildPhase;
			buildActionMask = 2147483647;
			files = (
				F92A197650A8CD76A2616021 /* CyberFlyWidget.swift in Sources */,
			);
			runOnlyForDeploymentPostprocessing = 0;
		};
		97F30CF79B0EDD3C3B573B3D /* Sources */ = {
			isa = PBXSourcesBuildPhase;
			buildActionMask = 2147483647;
			files = (
				A0D664FFC79011550B25F7E4 /* DeterministicRandom.swift in Sources */,
				A14C0DE00000000000000001 /* EmbodiedNeuralController.swift in Sources */,
				C0DEC0DE0000000000000015 /* FunctionalSelfModel.swift in Sources */,
				C0DEC0DE0000000000000003 /* FoodResource.swift in Sources */,
				D0A7A475FB7B806D17BE1C4D /* FlyStimulus.swift in Sources */,
				10F0A2B3C4D5E6F708192A3B /* FlySimulation.swift in Sources */,
				C0DEC0DE0000000000000006 /* FullCNSGraph.swift in Sources */,
				C0DEC0DE0000000000000007 /* FullCNSRuntime.swift in Sources */,
					C0DEC0DE0000000000000008 /* FullCNSStateStore.swift in Sources */,
					C0DEC0DE0000000000000010 /* FullCNSExperiment.swift in Sources */,
					C0DEC0DE0000000000000004 /* MaleCNSLearningCircuit.swift in Sources */,
				C0DEC0DE0000000000000001 /* MaleCNSVisualCircuit.swift in Sources */,
				C0DEC0DE0000000000000005 /* MaleCNSLearningCircuitData.swift in Sources */,
				C0DEC0DE0000000000000002 /* MaleCNSVisualCircuitData.swift in Sources */,
				48F2558BD178096F0DD825C9 /* SimulationConfiguration.swift in Sources */,
			);
			runOnlyForDeploymentPostprocessing = 0;
		};
		A5DBB1A39B89EB6CBFE9A5DA /* Sources */ = {
			isa = PBXSourcesBuildPhase;
			buildActionMask = 2147483647;
			files = (
				D4A2AF2449970CC5F584B696 /* StatusViews.swift in Sources */,
				FC6AA8ED8CDD6771F56DB601 /* CyberFlyApp.swift in Sources */,
				D747DD3362B824AB3C552733 /* FlyPanelController.swift in Sources */,
					FE3B65EFDACDB13BDE6AF10D /* RuntimeController.swift in Sources */,
					C0DEC0DE0000000000000011 /* NeuralLab.swift in Sources */,
					2D8EBF2C5155AFA2D0622947 /* WidgetRefreshPolicy.swift in Sources */,
			);
			runOnlyForDeploymentPostprocessing = 0;
		};
		B4238CE4E7BAC65FBFB5F96A /* Sources */ = {
			isa = PBXSourcesBuildPhase;
			buildActionMask = 2147483647;
			files = (
				DEF0B0D07707047676FD7050 /* CyberFlyCoreTests.swift in Sources */,
			);
			runOnlyForDeploymentPostprocessing = 0;
		};
/* End PBXSourcesBuildPhase section */

/* Begin PBXTargetDependency section */
		4AA534ECB05726BDF9C8F048 /* PBXTargetDependency */ = {
			isa = PBXTargetDependency;
			target = A599FA1A2403980C530DD53E /* CyberFlyWidget */;
			targetProxy = 201CC19437BE7A59672C5B50 /* PBXContainerItemProxy */;
		};
		4BF93566EABA5E7BBEED16D7 /* PBXTargetDependency */ = {
			isa = PBXTargetDependency;
			target = E001A27FCBC9A09291B94E30 /* CyberFlyCore */;
			targetProxy = 5CD8BA5383E5ECCF48699D73 /* PBXContainerItemProxy */;
		};
		665ADE4CCE17BF9F2C19DD23 /* PBXTargetDependency */ = {
			isa = PBXTargetDependency;
			target = EE53A818CDBF895D2132CBB4 /* CyberFlySimulation */;
			targetProxy = 8B6386D82D48DDE5987DE5F0 /* PBXContainerItemProxy */;
		};
		7C0B900CC43473C3FA500B59 /* PBXTargetDependency */ = {
			isa = PBXTargetDependency;
			target = EE53A818CDBF895D2132CBB4 /* CyberFlySimulation */;
			targetProxy = 0D13C8899B89B71FED8CF96E /* PBXContainerItemProxy */;
		};
		9B6E698D334B61FEEBE13C23 /* PBXTargetDependency */ = {
			isa = PBXTargetDependency;
			target = E001A27FCBC9A09291B94E30 /* CyberFlyCore */;
			targetProxy = D56DD044EDE42F6B6AEB5D4A /* PBXContainerItemProxy */;
		};
		AB22EDEF848C5B38E3B52484 /* PBXTargetDependency */ = {
			isa = PBXTargetDependency;
			target = E001A27FCBC9A09291B94E30 /* CyberFlyCore */;
			targetProxy = 805DC547C4AA258E70FE078C /* PBXContainerItemProxy */;
		};
		DC9DCED073C7F9B4548E0CD0 /* PBXTargetDependency */ = {
			isa = PBXTargetDependency;
			target = E001A27FCBC9A09291B94E30 /* CyberFlyCore */;
			targetProxy = 14BF30CEF0645915BF6CF79A /* PBXContainerItemProxy */;
		};
/* End PBXTargetDependency section */

/* Begin XCBuildConfiguration section */
		073608B37507BAD9E940AA88 /* Debug */ = {
			isa = XCBuildConfiguration;
			buildSettings = {
				CODE_SIGN_ENTITLEMENTS = Support/CyberFlyWidget.entitlements;
				COMBINE_HIDPI_IMAGES = YES;
				INFOPLIST_FILE = "Support/CyberFlyWidget-Info.plist";
				LD_RUNPATH_SEARCH_PATHS = (
					"$(inherited)",
					"@executable_path/../Frameworks",
					"@executable_path/../../../../Frameworks",
				);
				PRODUCT_BUNDLE_IDENTIFIER = com.dadudu.CyberFly.Widget;
				SDKROOT = macosx;
				SKIP_INSTALL = YES;
			};
			name = Debug;
		};
		108E8E25A2F87250F9480D8B /* Debug */ = {
			isa = XCBuildConfiguration;
			buildSettings = {
				BUNDLE_LOADER = "$(TEST_HOST)";
				COMBINE_HIDPI_IMAGES = YES;
				GENERATE_INFOPLIST_FILE = YES;
				LD_RUNPATH_SEARCH_PATHS = (
					"$(inherited)",
					"@executable_path/../Frameworks",
					"@loader_path/../Frameworks",
				);
				PRODUCT_BUNDLE_IDENTIFIER = com.dadudu.CyberFlyTests;
				SDKROOT = macosx;
			};
			name = Debug;
		};
		363C1BDFE0788B75C63A9EA5 /* Release */ = {
			isa = XCBuildConfiguration;
			buildSettings = {
				ASSETCATALOG_COMPILER_APPICON_NAME = AppIcon;
				COMBINE_HIDPI_IMAGES = YES;
				ENABLE_HARDENED_RUNTIME = YES;
				INFOPLIST_FILE = "Support/CyberFly-Info.plist";
				LD_RUNPATH_SEARCH_PATHS = (
					"$(inherited)",
					"@executable_path/../Frameworks",
				);
				PRODUCT_BUNDLE_IDENTIFIER = com.dadudu.CyberFly;
				PRODUCT_NAME = CyberFly;
				SDKROOT = macosx;
			};
			name = Release;
		};
		3BCF954073D78D03BFA0306F /* Release */ = {
			isa = XCBuildConfiguration;
			buildSettings = {
				CODE_SIGN_IDENTITY = "";
				COMBINE_HIDPI_IMAGES = YES;
				CURRENT_PROJECT_VERSION = 19;
				DEFINES_MODULE = YES;
				DYLIB_COMPATIBILITY_VERSION = 1;
				DYLIB_CURRENT_VERSION = 1;
				DYLIB_INSTALL_NAME_BASE = "@rpath";
				GENERATE_INFOPLIST_FILE = YES;
				INSTALL_PATH = "$(LOCAL_LIBRARY_DIR)/Frameworks";
				LD_RUNPATH_SEARCH_PATHS = (
					"$(inherited)",
					"@executable_path/../Frameworks",
				);
				PRODUCT_BUNDLE_IDENTIFIER = com.dadudu.CyberFlyCore;
				SDKROOT = macosx;
				SKIP_INSTALL = YES;
				VERSIONING_SYSTEM = "apple-generic";
			};
			name = Release;
		};
		5B90AFC005D395226DE313FE /* Release */ = {
			isa = XCBuildConfiguration;
			buildSettings = {
				CODE_SIGN_ENTITLEMENTS = Support/CyberFlyWidget.entitlements;
				COMBINE_HIDPI_IMAGES = YES;
				INFOPLIST_FILE = "Support/CyberFlyWidget-Info.plist";
				LD_RUNPATH_SEARCH_PATHS = (
					"$(inherited)",
					"@executable_path/../Frameworks",
					"@executable_path/../../../../Frameworks",
				);
				PRODUCT_BUNDLE_IDENTIFIER = com.dadudu.CyberFly.Widget;
				SDKROOT = macosx;
				SKIP_INSTALL = YES;
			};
			name = Release;
		};
		5BF015380DA7897E19BAE6C2 /* Debug */ = {
			isa = XCBuildConfiguration;
			buildSettings = {
				CODE_SIGN_IDENTITY = "";
				COMBINE_HIDPI_IMAGES = YES;
				CURRENT_PROJECT_VERSION = 19;
				DEFINES_MODULE = YES;
				DYLIB_COMPATIBILITY_VERSION = 1;
				DYLIB_CURRENT_VERSION = 1;
				DYLIB_INSTALL_NAME_BASE = "@rpath";
				GENERATE_INFOPLIST_FILE = YES;
				INSTALL_PATH = "$(LOCAL_LIBRARY_DIR)/Frameworks";
				LD_RUNPATH_SEARCH_PATHS = (
					"$(inherited)",
					"@executable_path/../Frameworks",
				);
				PRODUCT_BUNDLE_IDENTIFIER = com.dadudu.CyberFlyCore;
				SDKROOT = macosx;
				SKIP_INSTALL = YES;
				VERSIONING_SYSTEM = "apple-generic";
			};
			name = Debug;
		};
		6244CD3F1F8487F2497BCD86 /* Release */ = {
			isa = XCBuildConfiguration;
			buildSettings = {
				ALWAYS_SEARCH_USER_PATHS = NO;
				CLANG_ANALYZER_NONNULL = YES;
				CLANG_ANALYZER_NUMBER_OBJECT_CONVERSION = YES_AGGRESSIVE;
				CLANG_CXX_LANGUAGE_STANDARD = "gnu++14";
				CLANG_CXX_LIBRARY = "libc++";
				CLANG_ENABLE_MODULES = YES;
				CLANG_ENABLE_OBJC_ARC = YES;
				CLANG_ENABLE_OBJC_WEAK = YES;
				CLANG_WARN_BLOCK_CAPTURE_AUTORELEASING = YES;
				CLANG_WARN_BOOL_CONVERSION = YES;
				CLANG_WARN_COMMA = YES;
				CLANG_WARN_CONSTANT_CONVERSION = YES;
				CLANG_WARN_DEPRECATED_OBJC_IMPLEMENTATIONS = YES;
				CLANG_WARN_DIRECT_OBJC_ISA_USAGE = YES_ERROR;
				CLANG_WARN_DOCUMENTATION_COMMENTS = YES;
				CLANG_WARN_EMPTY_BODY = YES;
				CLANG_WARN_ENUM_CONVERSION = YES;
				CLANG_WARN_INFINITE_RECURSION = YES;
				CLANG_WARN_INT_CONVERSION = YES;
				CLANG_WARN_NON_LITERAL_NULL_CONVERSION = YES;
				CLANG_WARN_OBJC_IMPLICIT_RETAIN_SELF = YES;
				CLANG_WARN_OBJC_LITERAL_CONVERSION = YES;
				CLANG_WARN_OBJC_ROOT_CLASS = YES_ERROR;
				CLANG_WARN_QUOTED_INCLUDE_IN_FRAMEWORK_HEADER = YES;
				CLANG_WARN_RANGE_LOOP_ANALYSIS = YES;
				CLANG_WARN_STRICT_PROTOTYPES = YES;
				CLANG_WARN_SUSPICIOUS_MOVE = YES;
				CLANG_WARN_UNGUARDED_AVAILABILITY = YES_AGGRESSIVE;
				CLANG_WARN_UNREACHABLE_CODE = YES;
				CLANG_WARN__DUPLICATE_METHOD_MATCH = YES;
				CODE_SIGN_STYLE = Automatic;
				COPY_PHASE_STRIP = NO;
				CURRENT_PROJECT_VERSION = 19;
				DEBUG_INFORMATION_FORMAT = "dwarf-with-dsym";
				DEVELOPMENT_TEAM = BH6R2JXYJ7;
				ENABLE_NS_ASSERTIONS = NO;
				ENABLE_STRICT_OBJC_MSGSEND = YES;
				GCC_C_LANGUAGE_STANDARD = gnu11;
				GCC_NO_COMMON_BLOCKS = YES;
				GCC_WARN_64_TO_32_BIT_CONVERSION = YES;
				GCC_WARN_ABOUT_RETURN_TYPE = YES_ERROR;
				GCC_WARN_UNDECLARED_SELECTOR = YES;
				GCC_WARN_UNINITIALIZED_AUTOS = YES_AGGRESSIVE;
				GCC_WARN_UNUSED_FUNCTION = YES;
				GCC_WARN_UNUSED_VARIABLE = YES;
				MACOSX_DEPLOYMENT_TARGET = 14.0;
				MARKETING_VERSION = 1.5.0;
				MTL_ENABLE_DEBUG_INFO = NO;
				MTL_FAST_MATH = YES;
				PRODUCT_NAME = "$(TARGET_NAME)";
				SDKROOT = macosx;
				SWIFT_COMPILATION_MODE = wholemodule;
				SWIFT_OPTIMIZATION_LEVEL = "-O";
				SWIFT_VERSION = 5.0;
			};
			name = Release;
		};
		9B2C6BCC81D586B475F01FB6 /* Debug */ = {
			isa = XCBuildConfiguration;
			buildSettings = {
				ASSETCATALOG_COMPILER_APPICON_NAME = AppIcon;
				COMBINE_HIDPI_IMAGES = YES;
				ENABLE_HARDENED_RUNTIME = YES;
				INFOPLIST_FILE = "Support/CyberFly-Info.plist";
				LD_RUNPATH_SEARCH_PATHS = (
					"$(inherited)",
					"@executable_path/../Frameworks",
				);
				PRODUCT_BUNDLE_IDENTIFIER = com.dadudu.CyberFly;
				PRODUCT_NAME = CyberFly;
				SDKROOT = macosx;
			};
			name = Debug;
		};
		D341D46E74AB2BA3B3FD4F25 /* Release */ = {
			isa = XCBuildConfiguration;
			buildSettings = {
				BUNDLE_LOADER = "$(TEST_HOST)";
				COMBINE_HIDPI_IMAGES = YES;
				GENERATE_INFOPLIST_FILE = YES;
				LD_RUNPATH_SEARCH_PATHS = (
					"$(inherited)",
					"@executable_path/../Frameworks",
					"@loader_path/../Frameworks",
				);
				PRODUCT_BUNDLE_IDENTIFIER = com.dadudu.CyberFlyTests;
				SDKROOT = macosx;
			};
			name = Release;
		};
		D5B65BA0D3DCA76BFC4BD568 /* Debug */ = {
			isa = XCBuildConfiguration;
			buildSettings = {
				CODE_SIGN_IDENTITY = "";
				COMBINE_HIDPI_IMAGES = YES;
				CURRENT_PROJECT_VERSION = 19;
				DEFINES_MODULE = YES;
				DYLIB_COMPATIBILITY_VERSION = 1;
				DYLIB_CURRENT_VERSION = 1;
				DYLIB_INSTALL_NAME_BASE = "@rpath";
				GENERATE_INFOPLIST_FILE = YES;
				INSTALL_PATH = "$(LOCAL_LIBRARY_DIR)/Frameworks";
				LD_RUNPATH_SEARCH_PATHS = (
					"$(inherited)",
					"@executable_path/../Frameworks",
				);
				PRODUCT_BUNDLE_IDENTIFIER = com.dadudu.CyberFlySimulation;
				SDKROOT = macosx;
				SKIP_INSTALL = YES;
				VERSIONING_SYSTEM = "apple-generic";
			};
			name = Debug;
		};
		DF917F17A882E36CD46F3B90 /* Debug */ = {
			isa = XCBuildConfiguration;
			buildSettings = {
				ALWAYS_SEARCH_USER_PATHS = NO;
				CLANG_ANALYZER_NONNULL = YES;
				CLANG_ANALYZER_NUMBER_OBJECT_CONVERSION = YES_AGGRESSIVE;
				CLANG_CXX_LANGUAGE_STANDARD = "gnu++14";
				CLANG_CXX_LIBRARY = "libc++";
				CLANG_ENABLE_MODULES = YES;
				CLANG_ENABLE_OBJC_ARC = YES;
				CLANG_ENABLE_OBJC_WEAK = YES;
				CLANG_WARN_BLOCK_CAPTURE_AUTORELEASING = YES;
				CLANG_WARN_BOOL_CONVERSION = YES;
				CLANG_WARN_COMMA = YES;
				CLANG_WARN_CONSTANT_CONVERSION = YES;
				CLANG_WARN_DEPRECATED_OBJC_IMPLEMENTATIONS = YES;
				CLANG_WARN_DIRECT_OBJC_ISA_USAGE = YES_ERROR;
				CLANG_WARN_DOCUMENTATION_COMMENTS = YES;
				CLANG_WARN_EMPTY_BODY = YES;
				CLANG_WARN_ENUM_CONVERSION = YES;
				CLANG_WARN_INFINITE_RECURSION = YES;
				CLANG_WARN_INT_CONVERSION = YES;
				CLANG_WARN_NON_LITERAL_NULL_CONVERSION = YES;
				CLANG_WARN_OBJC_IMPLICIT_RETAIN_SELF = YES;
				CLANG_WARN_OBJC_LITERAL_CONVERSION = YES;
				CLANG_WARN_OBJC_ROOT_CLASS = YES_ERROR;
				CLANG_WARN_QUOTED_INCLUDE_IN_FRAMEWORK_HEADER = YES;
				CLANG_WARN_RANGE_LOOP_ANALYSIS = YES;
				CLANG_WARN_STRICT_PROTOTYPES = YES;
				CLANG_WARN_SUSPICIOUS_MOVE = YES;
				CLANG_WARN_UNGUARDED_AVAILABILITY = YES_AGGRESSIVE;
				CLANG_WARN_UNREACHABLE_CODE = YES;
				CLANG_WARN__DUPLICATE_METHOD_MATCH = YES;
				CODE_SIGN_STYLE = Automatic;
				COPY_PHASE_STRIP = NO;
				CURRENT_PROJECT_VERSION = 19;
				DEBUG_INFORMATION_FORMAT = dwarf;
				DEVELOPMENT_TEAM = BH6R2JXYJ7;
				ENABLE_STRICT_OBJC_MSGSEND = YES;
				ENABLE_TESTABILITY = YES;
				GCC_C_LANGUAGE_STANDARD = gnu11;
				GCC_DYNAMIC_NO_PIC = NO;
				GCC_NO_COMMON_BLOCKS = YES;
				GCC_OPTIMIZATION_LEVEL = 0;
				GCC_PREPROCESSOR_DEFINITIONS = (
					"$(inherited)",
					"DEBUG=1",
				);
				GCC_WARN_64_TO_32_BIT_CONVERSION = YES;
				GCC_WARN_ABOUT_RETURN_TYPE = YES_ERROR;
				GCC_WARN_UNDECLARED_SELECTOR = YES;
				GCC_WARN_UNINITIALIZED_AUTOS = YES_AGGRESSIVE;
				GCC_WARN_UNUSED_FUNCTION = YES;
				GCC_WARN_UNUSED_VARIABLE = YES;
				MACOSX_DEPLOYMENT_TARGET = 14.0;
				MARKETING_VERSION = 1.5.0;
				MTL_ENABLE_DEBUG_INFO = INCLUDE_SOURCE;
				MTL_FAST_MATH = YES;
				ONLY_ACTIVE_ARCH = YES;
				PRODUCT_NAME = "$(TARGET_NAME)";
				SDKROOT = macosx;
				SWIFT_ACTIVE_COMPILATION_CONDITIONS = DEBUG;
				SWIFT_OPTIMIZATION_LEVEL = "-Onone";
				SWIFT_VERSION = 5.0;
			};
			name = Debug;
		};
		EF8B5ED238B48578D0DA4359 /* Release */ = {
			isa = XCBuildConfiguration;
			buildSettings = {
				CODE_SIGN_IDENTITY = "";
				COMBINE_HIDPI_IMAGES = YES;
				CURRENT_PROJECT_VERSION = 19;
				DEFINES_MODULE = YES;
				DYLIB_COMPATIBILITY_VERSION = 1;
				DYLIB_CURRENT_VERSION = 1;
				DYLIB_INSTALL_NAME_BASE = "@rpath";
				GENERATE_INFOPLIST_FILE = YES;
				INSTALL_PATH = "$(LOCAL_LIBRARY_DIR)/Frameworks";
				LD_RUNPATH_SEARCH_PATHS = (
					"$(inherited)",
					"@executable_path/../Frameworks",
				);
				PRODUCT_BUNDLE_IDENTIFIER = com.dadudu.CyberFlySimulation;
				SDKROOT = macosx;
				SKIP_INSTALL = YES;
				VERSIONING_SYSTEM = "apple-generic";
			};
			name = Release;
		};
/* End XCBuildConfiguration section */

/* Begin XCConfigurationList section */
		3881660DFC1C8CB994261A7E /* Build configuration list for PBXNativeTarget "CyberFlyWidget" */ = {
			isa = XCConfigurationList;
			buildConfigurations = (
				073608B37507BAD9E940AA88 /* Debug */,
				5B90AFC005D395226DE313FE /* Release */,
			);
			defaultConfigurationIsVisible = 0;
			defaultConfigurationName = Debug;
		};
		5408988D1784E0D66DE22206 /* Build configuration list for PBXNativeTarget "CyberFlySimulation" */ = {
			isa = XCConfigurationList;
			buildConfigurations = (
				D5B65BA0D3DCA76BFC4BD568 /* Debug */,
				EF8B5ED238B48578D0DA4359 /* Release */,
			);
			defaultConfigurationIsVisible = 0;
			defaultConfigurationName = Debug;
		};
		65303E6BA10AE19781382F41 /* Build configuration list for PBXNativeTarget "CyberFly" */ = {
			isa = XCConfigurationList;
			buildConfigurations = (
				9B2C6BCC81D586B475F01FB6 /* Debug */,
				363C1BDFE0788B75C63A9EA5 /* Release */,
			);
			defaultConfigurationIsVisible = 0;
			defaultConfigurationName = Debug;
		};
		7279B586213DAB42E7DD7E08 /* Build configuration list for PBXNativeTarget "CyberFlyCoreTests" */ = {
			isa = XCConfigurationList;
			buildConfigurations = (
				108E8E25A2F87250F9480D8B /* Debug */,
				D341D46E74AB2BA3B3FD4F25 /* Release */,
			);
			defaultConfigurationIsVisible = 0;
			defaultConfigurationName = Debug;
		};
		7BEA9B48EA32E07F45206518 /* Build configuration list for PBXProject "CyberFly" */ = {
			isa = XCConfigurationList;
			buildConfigurations = (
				DF917F17A882E36CD46F3B90 /* Debug */,
				6244CD3F1F8487F2497BCD86 /* Release */,
			);
			defaultConfigurationIsVisible = 0;
			defaultConfigurationName = Debug;
		};
		C23DFBE38C5FCDFE5090D262 /* Build configuration list for PBXNativeTarget "CyberFlyCore" */ = {
			isa = XCConfigurationList;
			buildConfigurations = (
				5BF015380DA7897E19BAE6C2 /* Debug */,
				3BCF954073D78D03BFA0306F /* Release */,
			);
			defaultConfigurationIsVisible = 0;
			defaultConfigurationName = Debug;
		};
/* End XCConfigurationList section */
	};
	rootObject = B38BE37301588195707B7CBC /* Project object */;
}
